{
  "name": "template",
  "version": "0.1.0",
  "lockfileVersion": 1,
  "requires": true,
  "dependencies": {
    "codemirror": {
      "version": "5.61.1",
      "resolved": "https://registry.nlark.com/codemirror/download/codemirror-5.61.1.tgz?cache=0&sync_timestamp=1621501263419&other_urls=https%3A%2F%2Fregistry.nlark.com%2Fcodemirror%2Fdownload%2Fcodemirror-5.61.1.tgz",
      "integrity": "sha1-zPyKQ7j8+4sS6OdbX/3kjVQUBuA="
    },
    "diff-match-patch": {
      "version": "1.0.5",
      "resolved": "https://registry.npm.taobao.org/diff-match-patch/download/diff-match-patch-1.0.5.tgz",
      "integrity": "sha1-q7WE1fEM0Rlt/FWqA3AVkq4/ezc="
    },
    "vue-codemirror": {
      "version": "4.0.6",
      "resolved": "https://registry.nlark.com/vue-codemirror/download/vue-codemirror-4.0.6.tgz",
      "integrity": "sha1-t4a7gNjXYqk6q45G95qBAG8EN8Q=",
      "requires": {
        "codemirror": "^5.41.0",
        "diff-match-patch": "^1.0.0"
      }
    }
  }
}
